
Microsoft Visual Studio Solution File, Format Version 12.00
# Visual Studio Version 17
VisualStudioVersion = 17.11.35303.130
MinimumVisualStudioVersion = 10.0.40219.1
Project("{FAE04EC0-301F-11D3-BF4B-00C04F79EFBC}") = "Úkol2", "Úkol2\Úkol2.csproj", "{F5927E85-70E0-40AB-BD42-F46CF588B2B6}"
EndProject
Global
	GlobalSection(SolutionConfigurationPlatforms) = preSolution
		Debug|Any CPU = Debug|Any CPU
		Release|Any CPU = Release|Any CPU
	EndGlobalSection
	GlobalSection(ProjectConfigurationPlatforms) = postSolution
		{F5927E85-70E0-40AB-BD42-F46CF588B2B6}.Debug|Any CPU.ActiveCfg = Debug|Any CPU
		{F5927E85-70E0-40AB-BD42-F46CF588B2B6}.Debug|Any CPU.Build.0 = Debug|Any CPU
		{F5927E85-70E0-40AB-BD42-F46CF588B2B6}.Release|Any CPU.ActiveCfg = Release|Any CPU
		{F5927E85-70E0-40AB-BD42-F46CF588B2B6}.Release|Any CPU.Build.0 = Release|Any CPU
	EndGlobalSection
	GlobalSection(SolutionProperties) = preSolution
		HideSolutionNode = FALSE
	EndGlobalSection
	GlobalSection(ExtensibilityGlobals) = postSolution
		SolutionGuid = {75294A3B-7AF7-4C64-A57F-79C7007EEE1E}
	EndGlobalSection
EndGlobal
