
Microsoft Visual Studio Solution File, Format Version 12.00
Project("{FAE04EC0-301F-11D3-BF4B-00C04F79EFBC}") = "06_zadani", "06_zadani\06_zadani.csproj", "{6A0CE326-C06D-427D-9328-16BDD4EFB5BE}"
EndProject
Global
	GlobalSection(SolutionConfigurationPlatforms) = preSolution
		Debug|Any CPU = Debug|Any CPU
		Release|Any CPU = Release|Any CPU
	EndGlobalSection
	GlobalSection(ProjectConfigurationPlatforms) = postSolution
		{6A0CE326-C06D-427D-9328-16BDD4EFB5BE}.Debug|Any CPU.ActiveCfg = Debug|Any CPU
		{6A0CE326-C06D-427D-9328-16BDD4EFB5BE}.Debug|Any CPU.Build.0 = Debug|Any CPU
		{6A0CE326-C06D-427D-9328-16BDD4EFB5BE}.Release|Any CPU.ActiveCfg = Release|Any CPU
		{6A0CE326-C06D-427D-9328-16BDD4EFB5BE}.Release|Any CPU.Build.0 = Release|Any CPU
	EndGlobalSection
EndGlobal
