
Microsoft Visual Studio Solution File, Format Version 12.00
Project("{FAE04EC0-301F-11D3-BF4B-00C04F79EFBC}") = "00_introduction", "00_introduction\00_introduction.csproj", "{EE680D4A-64DE-4F88-AC01-C7964AE61891}"
EndProject
Global
	GlobalSection(SolutionConfigurationPlatforms) = preSolution
		Debug|Any CPU = Debug|Any CPU
		Release|Any CPU = Release|Any CPU
	EndGlobalSection
	GlobalSection(ProjectConfigurationPlatforms) = postSolution
		{EE680D4A-64DE-4F88-AC01-C7964AE61891}.Debug|Any CPU.ActiveCfg = Debug|Any CPU
		{EE680D4A-64DE-4F88-AC01-C7964AE61891}.Debug|Any CPU.Build.0 = Debug|Any CPU
		{EE680D4A-64DE-4F88-AC01-C7964AE61891}.Release|Any CPU.ActiveCfg = Release|Any CPU
		{EE680D4A-64DE-4F88-AC01-C7964AE61891}.Release|Any CPU.Build.0 = Release|Any CPU
	EndGlobalSection
EndGlobal
