
Microsoft Visual Studio Solution File, Format Version 12.00
Project("{FAE04EC0-301F-11D3-BF4B-00C04F79EFBC}") = "03_assigment", "03_assigment\03_assigment.csproj", "{3A963BB4-9376-4D35-92C5-102ADD1B787E}"
EndProject
Global
	GlobalSection(SolutionConfigurationPlatforms) = preSolution
		Debug|Any CPU = Debug|Any CPU
		Release|Any CPU = Release|Any CPU
	EndGlobalSection
	GlobalSection(ProjectConfigurationPlatforms) = postSolution
		{3A963BB4-9376-4D35-92C5-102ADD1B787E}.Debug|Any CPU.ActiveCfg = Debug|Any CPU
		{3A963BB4-9376-4D35-92C5-102ADD1B787E}.Debug|Any CPU.Build.0 = Debug|Any CPU
		{3A963BB4-9376-4D35-92C5-102ADD1B787E}.Release|Any CPU.ActiveCfg = Release|Any CPU
		{3A963BB4-9376-4D35-92C5-102ADD1B787E}.Release|Any CPU.Build.0 = Release|Any CPU
	EndGlobalSection
EndGlobal
