
Microsoft Visual Studio Solution File, Format Version 12.00
# Visual Studio Version 17
VisualStudioVersion = 17.11.35222.181
MinimumVisualStudioVersion = 10.0.40219.1
Project("{FAE04EC0-301F-11D3-BF4B-00C04F79EFBC}") = "vstup", "vstup\vstup.csproj", "{AC1F32C9-1C26-46D3-9974-8E7FC48DFE89}"
EndProject
Global
	GlobalSection(SolutionConfigurationPlatforms) = preSolution
		Debug|Any CPU = Debug|Any CPU
		Release|Any CPU = Release|Any CPU
	EndGlobalSection
	GlobalSection(ProjectConfigurationPlatforms) = postSolution
		{AC1F32C9-1C26-46D3-9974-8E7FC48DFE89}.Debug|Any CPU.ActiveCfg = Debug|Any CPU
		{AC1F32C9-1C26-46D3-9974-8E7FC48DFE89}.Debug|Any CPU.Build.0 = Debug|Any CPU
		{AC1F32C9-1C26-46D3-9974-8E7FC48DFE89}.Release|Any CPU.ActiveCfg = Release|Any CPU
		{AC1F32C9-1C26-46D3-9974-8E7FC48DFE89}.Release|Any CPU.Build.0 = Release|Any CPU
	EndGlobalSection
	GlobalSection(SolutionProperties) = preSolution
		HideSolutionNode = FALSE
	EndGlobalSection
	GlobalSection(ExtensibilityGlobals) = postSolution
		SolutionGuid = {BD791461-3BD9-480C-949A-02D262DED37D}
	EndGlobalSection
EndGlobal
