
Microsoft Visual Studio Solution File, Format Version 12.00
Project("{FAE04EC0-301F-11D3-BF4B-00C04F79EFBC}") = "02_work_in_class", "02_work_in_class\02_work_in_class.csproj", "{184BAC84-8C7C-4E0D-A7AE-051AE7AA229B}"
EndProject
Global
	GlobalSection(SolutionConfigurationPlatforms) = preSolution
		Debug|Any CPU = Debug|Any CPU
		Release|Any CPU = Release|Any CPU
	EndGlobalSection
	GlobalSection(ProjectConfigurationPlatforms) = postSolution
		{184BAC84-8C7C-4E0D-A7AE-051AE7AA229B}.Debug|Any CPU.ActiveCfg = Debug|Any CPU
		{184BAC84-8C7C-4E0D-A7AE-051AE7AA229B}.Debug|Any CPU.Build.0 = Debug|Any CPU
		{184BAC84-8C7C-4E0D-A7AE-051AE7AA229B}.Release|Any CPU.ActiveCfg = Release|Any CPU
		{184BAC84-8C7C-4E0D-A7AE-051AE7AA229B}.Release|Any CPU.Build.0 = Release|Any CPU
	EndGlobalSection
EndGlobal
