
Microsoft Visual Studio Solution File, Format Version 12.00
Project("{FAE04EC0-301F-11D3-BF4B-00C04F79EFBC}") = "13_assignment", "13_assignment\13_assignment.csproj", "{93D7CE99-A015-4AC9-923B-925B7F60F90B}"
EndProject
Global
	GlobalSection(SolutionConfigurationPlatforms) = preSolution
		Debug|Any CPU = Debug|Any CPU
		Release|Any CPU = Release|Any CPU
	EndGlobalSection
	GlobalSection(ProjectConfigurationPlatforms) = postSolution
		{93D7CE99-A015-4AC9-923B-925B7F60F90B}.Debug|Any CPU.ActiveCfg = Debug|Any CPU
		{93D7CE99-A015-4AC9-923B-925B7F60F90B}.Debug|Any CPU.Build.0 = Debug|Any CPU
		{93D7CE99-A015-4AC9-923B-925B7F60F90B}.Release|Any CPU.ActiveCfg = Release|Any CPU
		{93D7CE99-A015-4AC9-923B-925B7F60F90B}.Release|Any CPU.Build.0 = Release|Any CPU
	EndGlobalSection
EndGlobal
