
Microsoft Visual Studio Solution File, Format Version 12.00
Project("{FAE04EC0-301F-11D3-BF4B-00C04F79EFBC}") = "07_zadani", "07_zadani\07_zadani.csproj", "{C076C8EC-14AD-4696-8AD2-C431D49566EC}"
EndProject
Global
	GlobalSection(SolutionConfigurationPlatforms) = preSolution
		Debug|Any CPU = Debug|Any CPU
		Release|Any CPU = Release|Any CPU
	EndGlobalSection
	GlobalSection(ProjectConfigurationPlatforms) = postSolution
		{C076C8EC-14AD-4696-8AD2-C431D49566EC}.Debug|Any CPU.ActiveCfg = Debug|Any CPU
		{C076C8EC-14AD-4696-8AD2-C431D49566EC}.Debug|Any CPU.Build.0 = Debug|Any CPU
		{C076C8EC-14AD-4696-8AD2-C431D49566EC}.Release|Any CPU.ActiveCfg = Release|Any CPU
		{C076C8EC-14AD-4696-8AD2-C431D49566EC}.Release|Any CPU.Build.0 = Release|Any CPU
	EndGlobalSection
EndGlobal
